
Microsoft Visual Studio Solution File, Format Version 12.00
# Visual Studio 15
Project("{FAE04EC0-301F-11D3-BF4B-00C04F79EFBC}") = "Schedule.Android", "Schedule.Android\Schedule.Android.csproj", "{953D4F25-B52F-452F-A251-909D89FE5CB7}"
EndProject
Project("{FAE04EC0-301F-11D3-BF4B-00C04F79EFBC}") = "Schedule.iOS", "Schedule.iOS\Schedule.iOS.csproj", "{51BBDF5B-2DA0-4910-8ABD-0752585E2501}"
EndProject
Project("{FAE04EC0-301F-11D3-BF4B-00C04F79EFBC}") = "Schedule.UITests", "Schedule.UITests\Schedule.UITests.csproj", "{6E7BA1F6-798F-48FC-B1ED-A340FB60CC4A}"
EndProject
Project("{FAE04EC0-301F-11D3-BF4B-00C04F79EFBC}") = "Schedule", "Schedule\Schedule.csproj", "{6845085A-44BD-430E-BE30-DEC9BAA087BA}"
EndProject
Global
	GlobalSection(SolutionConfigurationPlatforms) = preSolution
		Debug|Any CPU = Debug|Any CPU
		Release|Any CPU = Release|Any CPU
		Debug|iPhoneSimulator = Debug|iPhoneSimulator
		Release|iPhoneSimulator = Release|iPhoneSimulator
		Debug|iPhone = Debug|iPhone
		Release|iPhone = Release|iPhone
	EndGlobalSection
	GlobalSection(ProjectConfigurationPlatforms) = postSolution
		{953D4F25-B52F-452F-A251-909D89FE5CB7}.Debug|Any CPU.ActiveCfg = Debug|Any CPU
		{953D4F25-B52F-452F-A251-909D89FE5CB7}.Debug|Any CPU.Build.0 = Debug|Any CPU
		{953D4F25-B52F-452F-A251-909D89FE5CB7}.Release|Any CPU.ActiveCfg = Release|Any CPU
		{953D4F25-B52F-452F-A251-909D89FE5CB7}.Release|Any CPU.Build.0 = Release|Any CPU
		{953D4F25-B52F-452F-A251-909D89FE5CB7}.Debug|iPhoneSimulator.ActiveCfg = Debug|Any CPU
		{953D4F25-B52F-452F-A251-909D89FE5CB7}.Debug|iPhoneSimulator.Build.0 = Debug|Any CPU
		{953D4F25-B52F-452F-A251-909D89FE5CB7}.Release|iPhoneSimulator.ActiveCfg = Release|Any CPU
		{953D4F25-B52F-452F-A251-909D89FE5CB7}.Release|iPhoneSimulator.Build.0 = Release|Any CPU
		{953D4F25-B52F-452F-A251-909D89FE5CB7}.Debug|iPhone.ActiveCfg = Debug|Any CPU
		{953D4F25-B52F-452F-A251-909D89FE5CB7}.Debug|iPhone.Build.0 = Debug|Any CPU
		{953D4F25-B52F-452F-A251-909D89FE5CB7}.Release|iPhone.ActiveCfg = Release|Any CPU
		{953D4F25-B52F-452F-A251-909D89FE5CB7}.Release|iPhone.Build.0 = Release|Any CPU
		{51BBDF5B-2DA0-4910-8ABD-0752585E2501}.Debug|Any CPU.ActiveCfg = Debug|iPhoneSimulator
		{51BBDF5B-2DA0-4910-8ABD-0752585E2501}.Debug|Any CPU.Build.0 = Debug|iPhoneSimulator
		{51BBDF5B-2DA0-4910-8ABD-0752585E2501}.Release|Any CPU.ActiveCfg = Release|iPhoneSimulator
		{51BBDF5B-2DA0-4910-8ABD-0752585E2501}.Release|Any CPU.Build.0 = Release|iPhoneSimulator
		{51BBDF5B-2DA0-4910-8ABD-0752585E2501}.Debug|iPhoneSimulator.ActiveCfg = Debug|iPhoneSimulator
		{51BBDF5B-2DA0-4910-8ABD-0752585E2501}.Debug|iPhoneSimulator.Build.0 = Debug|iPhoneSimulator
		{51BBDF5B-2DA0-4910-8ABD-0752585E2501}.Release|iPhoneSimulator.ActiveCfg = Release|iPhoneSimulator
		{51BBDF5B-2DA0-4910-8ABD-0752585E2501}.Release|iPhoneSimulator.Build.0 = Release|iPhoneSimulator
		{51BBDF5B-2DA0-4910-8ABD-0752585E2501}.Debug|iPhone.ActiveCfg = Debug|iPhone
		{51BBDF5B-2DA0-4910-8ABD-0752585E2501}.Debug|iPhone.Build.0 = Debug|iPhone
		{51BBDF5B-2DA0-4910-8ABD-0752585E2501}.Release|iPhone.ActiveCfg = Release|iPhone
		{51BBDF5B-2DA0-4910-8ABD-0752585E2501}.Release|iPhone.Build.0 = Release|iPhone
		{6E7BA1F6-798F-48FC-B1ED-A340FB60CC4A}.Debug|Any CPU.ActiveCfg = Debug|Any CPU
		{6E7BA1F6-798F-48FC-B1ED-A340FB60CC4A}.Debug|Any CPU.Build.0 = Debug|Any CPU
		{6E7BA1F6-798F-48FC-B1ED-A340FB60CC4A}.Release|Any CPU.ActiveCfg = Release|Any CPU
		{6E7BA1F6-798F-48FC-B1ED-A340FB60CC4A}.Release|Any CPU.Build.0 = Release|Any CPU
		{6E7BA1F6-798F-48FC-B1ED-A340FB60CC4A}.Debug|iPhoneSimulator.ActiveCfg = Debug|Any CPU
		{6E7BA1F6-798F-48FC-B1ED-A340FB60CC4A}.Debug|iPhoneSimulator.Build.0 = Debug|Any CPU
		{6E7BA1F6-798F-48FC-B1ED-A340FB60CC4A}.Release|iPhoneSimulator.ActiveCfg = Release|Any CPU
		{6E7BA1F6-798F-48FC-B1ED-A340FB60CC4A}.Release|iPhoneSimulator.Build.0 = Release|Any CPU
		{6E7BA1F6-798F-48FC-B1ED-A340FB60CC4A}.Debug|iPhone.ActiveCfg = Debug|Any CPU
		{6E7BA1F6-798F-48FC-B1ED-A340FB60CC4A}.Debug|iPhone.Build.0 = Debug|Any CPU
		{6E7BA1F6-798F-48FC-B1ED-A340FB60CC4A}.Release|iPhone.ActiveCfg = Release|Any CPU
		{6E7BA1F6-798F-48FC-B1ED-A340FB60CC4A}.Release|iPhone.Build.0 = Release|Any CPU
		{6845085A-44BD-430E-BE30-DEC9BAA087BA}.Debug|Any CPU.ActiveCfg = Debug|Any CPU
		{6845085A-44BD-430E-BE30-DEC9BAA087BA}.Debug|Any CPU.Build.0 = Debug|Any CPU
		{6845085A-44BD-430E-BE30-DEC9BAA087BA}.Release|Any CPU.ActiveCfg = Release|Any CPU
		{6845085A-44BD-430E-BE30-DEC9BAA087BA}.Release|Any CPU.Build.0 = Release|Any CPU
		{6845085A-44BD-430E-BE30-DEC9BAA087BA}.Debug|iPhoneSimulator.ActiveCfg = Debug|Any CPU
		{6845085A-44BD-430E-BE30-DEC9BAA087BA}.Debug|iPhoneSimulator.Build.0 = Debug|Any CPU
		{6845085A-44BD-430E-BE30-DEC9BAA087BA}.Release|iPhoneSimulator.ActiveCfg = Release|Any CPU
		{6845085A-44BD-430E-BE30-DEC9BAA087BA}.Release|iPhoneSimulator.Build.0 = Release|Any CPU
		{6845085A-44BD-430E-BE30-DEC9BAA087BA}.Debug|iPhone.ActiveCfg = Debug|Any CPU
		{6845085A-44BD-430E-BE30-DEC9BAA087BA}.Debug|iPhone.Build.0 = Debug|Any CPU
		{6845085A-44BD-430E-BE30-DEC9BAA087BA}.Release|iPhone.ActiveCfg = Release|Any CPU
		{6845085A-44BD-430E-BE30-DEC9BAA087BA}.Release|iPhone.Build.0 = Release|Any CPU
	EndGlobalSection
EndGlobal
